
Microsoft Visual Studio Solution File, Format Version 12.00
# Visual Studio Version 16
VisualStudioVersion = 16.0.32407.337
MinimumVisualStudioVersion = 10.0.40219.1
Project("{FAE04EC0-301F-11D3-BF4B-00C04F79EFBC}") = "Filipino Mythology Assessment", "Filipino Mythology Assessment.csproj", "{96B755DE-1553-4133-A574-F76060D16022}"
EndProject
Global
	GlobalSection(SolutionConfigurationPlatforms) = preSolution
		Debug|Any CPU = Debug|Any CPU
		Release|Any CPU = Release|Any CPU
	EndGlobalSection
	GlobalSection(ProjectConfigurationPlatforms) = postSolution
		{96B755DE-1553-4133-A574-F76060D16022}.Debug|Any CPU.ActiveCfg = Debug|Any CPU
		{96B755DE-1553-4133-A574-F76060D16022}.Debug|Any CPU.Build.0 = Debug|Any CPU
		{96B755DE-1553-4133-A574-F76060D16022}.Release|Any CPU.ActiveCfg = Release|Any CPU
		{96B755DE-1553-4133-A574-F76060D16022}.Release|Any CPU.Build.0 = Release|Any CPU
	EndGlobalSection
	GlobalSection(SolutionProperties) = preSolution
		HideSolutionNode = FALSE
	EndGlobalSection
	GlobalSection(ExtensibilityGlobals) = postSolution
		SolutionGuid = {3F03237C-DA85-4446-963E-4EBA736F29FC}
	EndGlobalSection
EndGlobal
